// !$*UTF8*$!
{
	archiveVersion = 1;
	classes = {
	};
	objectVersion = 50;
	objects = {

/* Begin PBXBuildFile section */
		0644BABF238DDCF300EB70DD /* AppDelegate.swift in Sources */ = {isa = PBXBuildFile; fileRef = 0644BABE238DDCF300EB70DD /* AppDelegate.swift */; };
		0644BAC1238DDCF300EB70DD /* SceneDelegate.swift in Sources */ = {isa = PBXBuildFile; fileRef = 0644BAC0238DDCF300EB70DD /* SceneDelegate.swift */; };
		0644BAC3238DDCF300EB70DD /* ViewController.swift in Sources */ = {isa = PBXBuildFile; fileRef = 0644BAC2238DDCF300EB70DD /* ViewController.swift */; };
		0644BAC6238DDCF300EB70DD /* Main.storyboard in Resources */ = {isa = PBXBuildFile; fileRef = 0644BAC4238DDCF300EB70DD /* Main.storyboard */; };
		0644BAC8238DDCF700EB70DD /* Assets.xcassets in Resources */ = {isa = PBXBuildFile; fileRef = 0644BAC7238DDCF700EB70DD /* Assets.xcassets */; };
		0644BACB238DDCF700EB70DD /* LaunchScreen.storyboard in Resources */ = {isa = PBXBuildFile; fileRef = 0644BAC9238DDCF700EB70DD /* LaunchScreen.storyboard */; };
		0644BAD3238DDD6A00EB70DD /* BoardView.swift in Sources */ = {isa = PBXBuildFile; fileRef = 0644BAD2238DDD6A00EB70DD /* BoardView.swift */; };
		069B62392390796E00053C3D /* Knight.swift in Sources */ = {isa = PBXBuildFile; fileRef = 069B62382390796E00053C3D /* Knight.swift */; };
		069B623B23907B5900053C3D /* ChessEngine.swift in Sources */ = {isa = PBXBuildFile; fileRef = 069B623A23907B5900053C3D /* ChessEngine.swift */; };
		069B623D2391A73500053C3D /* ChessDelegate.swift in Sources */ = {isa = PBXBuildFile; fileRef = 069B623C2391A73500053C3D /* ChessDelegate.swift */; };
/* End PBXBuildFile section */

/* Begin PBXFileReference section */
		0644BABB238DDCF300EB70DD /* ChessBoard.app */ = {isa = PBXFileReference; explicitFileType = wrapper.application; includeInIndex = 0; path = ChessBoard.app; sourceTree = BUILT_PRODUCTS_DIR; };
		0644BABE238DDCF300EB70DD /* AppDelegate.swift */ = {isa = PBXFileReference; lastKnownFileType = sourcecode.swift; path = AppDelegate.swift; sourceTree = "<group>"; };
		0644BAC0238DDCF300EB70DD /* SceneDelegate.swift */ = {isa = PBXFileReference; lastKnownFileType = sourcecode.swift; path = SceneDelegate.swift; sourceTree = "<group>"; };
		0644BAC2238DDCF300EB70DD /* ViewController.swift */ = {isa = PBXFileReference; lastKnownFileType = sourcecode.swift; path = ViewController.swift; sourceTree = "<group>"; };
		0644BAC5238DDCF300EB70DD /* Base */ = {isa = PBXFileReference; lastKnownFileType = file.storyboard; name = Base; path = Base.lproj/Main.storyboard; sourceTree = "<group>"; };
		0644BAC7238DDCF700EB70DD /* Assets.xcassets */ = {isa = PBXFileReference; lastKnownFileType = folder.assetcatalog; path = Assets.xcassets; sourceTree = "<group>"; };
		0644BACA238DDCF700EB70DD /* Base */ = {isa = PBXFileReference; lastKnownFileType = file.storyboard; name = Base; path = Base.lproj/LaunchScreen.storyboard; sourceTree = "<group>"; };
		0644BACC238DDCF700EB70DD /* Info.plist */ = {isa = PBXFileReference; lastKnownFileType = text.plist.xml; path = Info.plist; sourceTree = "<group>"; };
		0644BAD2238DDD6A00EB70DD /* BoardView.swift */ = {isa = PBXFileReference; lastKnownFileType = sourcecode.swift; path = BoardView.swift; sourceTree = "<group>"; };
		069B62382390796E00053C3D /* Knight.swift */ = {isa = PBXFileReference; lastKnownFileType = sourcecode.swift; path = Knight.swift; sourceTree = "<group>"; };
		069B623A23907B5900053C3D /* ChessEngine.swift */ = {isa = PBXFileReference; lastKnownFileType = sourcecode.swift; path = ChessEngine.swift; sourceTree = "<group>"; };
		069B623C2391A73500053C3D /* ChessDelegate.swift */ = {isa = PBXFileReference; lastKnownFileType = sourcecode.swift; path = ChessDelegate.swift; sourceTree = "<group>"; };
/* End PBXFileReference section */

/* Begin PBXFrameworksBuildPhase section */
		0644BAB8238DDCF300EB70DD /* Frameworks */ = {
			isa = PBXFrameworksBuildPhase;
			buildActionMask = 2147483647;
			files = (
			);
			runOnlyForDeploymentPostprocessing = 0;
		};
/* End PBXFrameworksBuildPhase section */

/* Begin PBXGroup section */
		0644BAB2238DDCF300EB70DD = {
			isa = PBXGroup;
			children = (
				0644BABD238DDCF300EB70DD /* ChessBoard */,
				0644BABC238DDCF300EB70DD /* Products */,
			);
			sourceTree = "<group>";
		};
		0644BABC238DDCF300EB70DD /* Products */ = {
			isa = PBXGroup;
			children = (
				0644BABB238DDCF300EB70DD /* ChessBoard.app */,
			);
			name = Products;
			sourceTree = "<group>";
		};
		0644BABD238DDCF300EB70DD /* ChessBoard */ = {
			isa = PBXGroup;
			children = (
				0644BABE238DDCF300EB70DD /* AppDelegate.swift */,
				0644BAC0238DDCF300EB70DD /* SceneDelegate.swift */,
				0644BAC2238DDCF300EB70DD /* ViewController.swift */,
				0644BAC4238DDCF300EB70DD /* Main.storyboard */,
				0644BAC7238DDCF700EB70DD /* Assets.xcassets */,
				069B62382390796E00053C3D /* Knight.swift */,
				069B623A23907B5900053C3D /* ChessEngine.swift */,
				0644BAC9238DDCF700EB70DD /* LaunchScreen.storyboard */,
				0644BACC238DDCF700EB70DD /* Info.plist */,
				0644BAD2238DDD6A00EB70DD /* BoardView.swift */,
				069B623C2391A73500053C3D /* ChessDelegate.swift */,
			);
			path = ChessBoard;
			sourceTree = "<group>";
		};
/* End PBXGroup section */

/* Begin PBXNativeTarget section */
		0644BABA238DDCF300EB70DD /* ChessBoard */ = {
			isa = PBXNativeTarget;
			buildConfigurationList = 0644BACF238DDCF700EB70DD /* Build configuration list for PBXNativeTarget "ChessBoard" */;
			buildPhases = (
				0644BAB7238DDCF300EB70DD /* Sources */,
				0644BAB8238DDCF300EB70DD /* Frameworks */,
				0644BAB9238DDCF300EB70DD /* Resources */,
			);
			buildRules = (
			);
			dependencies = (
			);
			name = ChessBoard;
			productName = ChessBoard;
			productReference = 0644BABB238DDCF300EB70DD /* ChessBoard.app */;
			productType = "com.apple.product-type.application";
		};
/* End PBXNativeTarget section */

/* Begin PBXProject section */
		0644BAB3238DDCF300EB70DD /* Project object */ = {
			isa = PBXProject;
			attributes = {
				LastSwiftUpdateCheck = 1120;
				LastUpgradeCheck = 1120;
				ORGANIZATIONNAME = stamceidas;
				TargetAttributes = {
					0644BABA238DDCF300EB70DD = {
						CreatedOnToolsVersion = 11.2.1;
					};
				};
			};
			buildConfigurationList = 0644BAB6238DDCF300EB70DD /* Build configuration list for PBXProject "ChessBoard" */;
			compatibilityVersion = "Xcode 9.3";
			developmentRegion = en;
			hasScannedForEncodings = 0;
			knownRegions = (
				en,
				Base,
			);
			mainGroup = 0644BAB2238DDCF300EB70DD;
			productRefGroup = 0644BABC238DDCF300EB70DD /* Products */;
			projectDirPath = "";
			projectRoot = "";
			targets = (
				0644BABA238DDCF300EB70DD /* ChessBoard */,
			);
		};
/* End PBXProject section */

/* Begin PBXResourcesBuildPhase section */
		0644BAB9238DDCF300EB70DD /* Resources */ = {
			isa = PBXResourcesBuildPhase;
			buildActionMask = 2147483647;
			files = (
				0644BACB238DDCF700EB70DD /* LaunchScreen.storyboard in Resources */,
				0644BAC8238DDCF700EB70DD /* Assets.xcassets in Resources */,
				0644BAC6238DDCF300EB70DD /* Main.storyboard in Resources */,
			);
			runOnlyForDeploymentPostprocessing = 0;
		};
/* End PBXResourcesBuildPhase section */

/* Begin PBXSourcesBuildPhase section */
		0644BAB7238DDCF300EB70DD /* Sources */ = {
			isa = PBXSourcesBuildPhase;
			buildActionMask = 2147483647;
			files = (
				069B623B23907B5900053C3D /* ChessEngine.swift in Sources */,
				069B62392390796E00053C3D /* Knight.swift in Sources */,
				069B623D2391A73500053C3D /* ChessDelegate.swift in Sources */,
				0644BAC3238DDCF300EB70DD /* ViewController.swift in Sources */,
				0644BAD3238DDD6A00EB70DD /* BoardView.swift in Sources */,
				0644BABF238DDCF300EB70DD /* AppDelegate.swift in Sources */,
				0644BAC1238DDCF300EB70DD /* SceneDelegate.swift in Sources */,
			);
			runOnlyForDeploymentPostprocessing = 0;
		};
/* End PBXSourcesBuildPhase section */

/* Begin PBXVariantGroup section */
		0644BAC4238DDCF300EB70DD /* Main.storyboard */ = {
			isa = PBXVariantGroup;
			children = (
				0644BAC5238DDCF300EB70DD /* Base */,
			);
			name = Main.storyboard;
			sourceTree = "<group>";
		};
		0644BAC9238DDCF700EB70DD /* LaunchScreen.storyboard */ = {
			isa = PBXVariantGroup;
			children = (
				0644BACA238DDCF700EB70DD /* Base */,
			);
			name = LaunchScreen.storyboard;
			sourceTree = "<group>";
		};
/* End PBXVariantGroup section */

/* Begin XCBuildConfiguration section */
		0644BACD238DDCF700EB70DD /* Debug */ = {
			isa = XCBuildConfiguration;
			buildSettings = {
				ALWAYS_SEARCH_USER_PATHS = NO;
				CLANG_ANALYZER_NONNULL = YES;
				CLANG_ANALYZER_NUMBER_OBJECT_CONVERSION = YES_AGGRESSIVE;
				CLANG_CXX_LANGUAGE_STANDARD = "gnu++14";
				CLANG_CXX_LIBRARY = "libc++";
				CLANG_ENABLE_MODULES = YES;
				CLANG_ENABLE_OBJC_ARC = YES;
				CLANG_ENABLE_OBJC_WEAK = YES;
				CLANG_WARN_BLOCK_CAPTURE_AUTORELEASING = YES;
				CLANG_WARN_BOOL_CONVERSION = YES;
				CLANG_WARN_COMMA = YES;
				CLANG_WARN_CONSTANT_CONVERSION = YES;
				CLANG_WARN_DEPRECATED_OBJC_IMPLEMENTATIONS = YES;
				CLANG_WARN_DIRECT_OBJC_ISA_USAGE = YES_ERROR;
				CLANG_WARN_DOCUMENTATION_COMMENTS = YES;
				CLANG_WARN_EMPTY_BODY = YES;
				CLANG_WARN_ENUM_CONVERSION = YES;
				CLANG_WARN_INFINITE_RECURSION = YES;
				CLANG_WARN_INT_CONVERSION = YES;
				CLANG_WARN_NON_LITERAL_NULL_CONVERSION = YES;
				CLANG_WARN_OBJC_IMPLICIT_RETAIN_SELF = YES;
				CLANG_WARN_OBJC_LITERAL_CONVERSION = YES;
				CLANG_WARN_OBJC_ROOT_CLASS = YES_ERROR;
				CLANG_WARN_RANGE_LOOP_ANALYSIS = YES;
				CLANG_WARN_STRICT_PROTOTYPES = YES;
				CLANG_WARN_SUSPICIOUS_MOVE = YES;
				CLANG_WARN_UNGUARDED_AVAILABILITY = YES_AGGRESSIVE;
				CLANG_WARN_UNREACHABLE_CODE = YES;
				CLANG_WARN__DUPLICATE_METHOD_MATCH = YES;
				COPY_PHASE_STRIP = NO;
				DEBUG_INFORMATION_FORMAT = dwarf;
				ENABLE_STRICT_OBJC_MSGSEND = YES;
				ENABLE_TESTABILITY = YES;
				GCC_C_LANGUAGE_STANDARD = gnu11;
				GCC_DYNAMIC_NO_PIC = NO;
				GCC_NO_COMMON_BLOCKS = YES;
				GCC_OPTIMIZATION_LEVEL = 0;
				GCC_PREPROCESSOR_DEFINITIONS = (
					"DEBUG=1",
					"$(inherited)",
				);
				GCC_WARN_64_TO_32_BIT_CONVERSION = YES;
				GCC_WARN_ABOUT_RETURN_TYPE = YES_ERROR;
				GCC_WARN_UNDECLARED_SELECTOR = YES;
				GCC_WARN_UNINITIALIZED_AUTOS = YES_AGGRESSIVE;
				GCC_WARN_UNUSED_FUNCTION = YES;
				GCC_WARN_UNUSED_VARIABLE = YES;
				IPHONEOS_DEPLOYMENT_TARGET = 13.2;
				MTL_ENABLE_DEBUG_INFO = INCLUDE_SOURCE;
				MTL_FAST_MATH = YES;
				ONLY_ACTIVE_ARCH = YES;
				SDKROOT = iphoneos;
				SWIFT_ACTIVE_COMPILATION_CONDITIONS = DEBUG;
				SWIFT_OPTIMIZATION_LEVEL = "-Onone";
			};
			name = Debug;
		};
		0644BACE238DDCF700EB70DD /* Release */ = {
			isa = XCBuildConfiguration;
			buildSettings = {
				ALWAYS_SEARCH_USER_PATHS = NO;
				CLANG_ANALYZER_NONNULL = YES;
				CLANG_ANALYZER_NUMBER_OBJECT_CONVERSION = YES_AGGRESSIVE;
				CLANG_CXX_LANGUAGE_STANDARD = "gnu++14";
				CLANG_CXX_LIBRARY = "libc++";
				CLANG_ENABLE_MODULES = YES;
				CLANG_ENABLE_OBJC_ARC = YES;
				CLANG_ENABLE_OBJC_WEAK = YES;
				CLANG_WARN_BLOCK_CAPTURE_AUTORELEASING = YES;
				CLANG_WARN_BOOL_CONVERSION = YES;
				CLANG_WARN_COMMA = YES;
				CLANG_WARN_CONSTANT_CONVERSION = YES;
				CLANG_WARN_DEPRECATED_OBJC_IMPLEMENTATIONS = YES;
				CLANG_WARN_DIRECT_OBJC_ISA_USAGE = YES_ERROR;
				CLANG_WARN_DOCUMENTATION_COMMENTS = YES;
				CLANG_WARN_EMPTY_BODY = YES;
				CLANG_WARN_ENUM_CONVERSION = YES;
				CLANG_WARN_INFINITE_RECURSION = YES;
				CLANG_WARN_INT_CONVERSION = YES;
				CLANG_WARN_NON_LITERAL_NULL_CONVERSION = YES;
				CLANG_WARN_OBJC_IMPLICIT_RETAIN_SELF = YES;
				CLANG_WARN_OBJC_LITERAL_CONVERSION = YES;
				CLANG_WARN_OBJC_ROOT_CLASS = YES_ERROR;
				CLANG_WARN_RANGE_LOOP_ANALYSIS = YES;
				CLANG_WARN_STRICT_PROTOTYPES = YES;
				CLANG_WARN_SUSPICIOUS_MOVE = YES;
				CLANG_WARN_UNGUARDED_AVAILABILITY = YES_AGGRESSIVE;
				CLANG_WARN_UNREACHABLE_CODE = YES;
				CLANG_WARN__DUPLICATE_METHOD_MATCH = YES;
				COPY_PHASE_STRIP = NO;
				DEBUG_INFORMATION_FORMAT = "dwarf-with-dsym";
				ENABLE_NS_ASSERTIONS = NO;
				ENABLE_STRICT_OBJC_MSGSEND = YES;
				GCC_C_LANGUAGE_STANDARD = gnu11;
				GCC_NO_COMMON_BLOCKS = YES;
				GCC_WARN_64_TO_32_BIT_CONVERSION = YES;
				GCC_WARN_ABOUT_RETURN_TYPE = YES_ERROR;
				GCC_WARN_UNDECLARED_SELECTOR = YES;
				GCC_WARN_UNINITIALIZED_AUTOS = YES_AGGRESSIVE;
				GCC_WARN_UNUSED_FUNCTION = YES;
				GCC_WARN_UNUSED_VARIABLE = YES;
				IPHONEOS_DEPLOYMENT_TARGET = 13.2;
				MTL_ENABLE_DEBUG_INFO = NO;
				MTL_FAST_MATH = YES;
				SDKROOT = iphoneos;
				SWIFT_COMPILATION_MODE = wholemodule;
				SWIFT_OPTIMIZATION_LEVEL = "-O";
				VALIDATE_PRODUCT = YES;
			};
			name = Release;
		};
		0644BAD0238DDCF700EB70DD /* Debug */ = {
			isa = XCBuildConfiguration;
			buildSettings = {
				ASSETCATALOG_COMPILER_APPICON_NAME = AppIcon;
				CODE_SIGN_STYLE = Automatic;
				INFOPLIST_FILE = ChessBoard/Info.plist;
				LD_RUNPATH_SEARCH_PATHS = (
					"$(inherited)",
					"@executable_path/Frameworks",
				);
				PRODUCT_BUNDLE_IDENTIFIER = stamceidas.com.ChessBoard;
				PRODUCT_NAME = "$(TARGET_NAME)";
				SWIFT_VERSION = 5.0;
				TARGETED_DEVICE_FAMILY = "1,2";
			};
			name = Debug;
		};
		0644BAD1238DDCF700EB70DD /* Release */ = {
			isa = XCBuildConfiguration;
			buildSettings = {
				ASSETCATALOG_COMPILER_APPICON_NAME = AppIcon;
				CODE_SIGN_STYLE = Automatic;
				INFOPLIST_FILE = ChessBoard/Info.plist;
				LD_RUNPATH_SEARCH_PATHS = (
					"$(inherited)",
					"@executable_path/Frameworks",
				);
				PRODUCT_BUNDLE_IDENTIFIER = stamceidas.com.ChessBoard;
				PRODUCT_NAME = "$(TARGET_NAME)";
				SWIFT_VERSION = 5.0;
				TARGETED_DEVICE_FAMILY = "1,2";
			};
			name = Release;
		};
/* End XCBuildConfiguration section */

/* Begin XCConfigurationList section */
		0644BAB6238DDCF300EB70DD /* Build configuration list for PBXProject "ChessBoard" */ = {
			isa = XCConfigurationList;
			buildConfigurations = (
				0644BACD238DDCF700EB70DD /* Debug */,
				0644BACE238DDCF700EB70DD /* Release */,
			);
			defaultConfigurationIsVisible = 0;
			defaultConfigurationName = Release;
		};
		0644BACF238DDCF700EB70DD /* Build configuration list for PBXNativeTarget "ChessBoard" */ = {
			isa = XCConfigurationList;
			buildConfigurations = (
				0644BAD0238DDCF700EB70DD /* Debug */,
				0644BAD1238DDCF700EB70DD /* Release */,
			);
			defaultConfigurationIsVisible = 0;
			defaultConfigurationName = Release;
		};
/* End XCConfigurationList section */
	};
	rootObject = 0644BAB3238DDCF300EB70DD /* Project object */;
}
